%{
  "castore": {:hex, :castore, "1.0.15", "8aa930c890fe18b6fe0a0cff27b27d0d4d231867897bd23ea772dee561f032a3", [:mix], [], "hexpm", "96ce4c69d7d5d7a0761420ef743e2f4096253931a3ba69e5ff8ef1844fe446d3"},
  "certifi": {:hex, :certifi, "2.12.0", "2d1cca2ec95f59643862af91f001478c9863c2ac9cb6e2f89780bfd8de987329", [:rebar3], [], "hexpm", "ee68d85df22e554040cdb4be100f33873ac6051387baf6a8f6ce82272340ff1c"},
  "combine": {:hex, :combine, "0.10.0", "eff8224eeb56498a2af13011d142c5e7997a80c8f5b97c499f84c841032e429f", [:mix], [], "hexpm", "1b1dbc1790073076580d0d1d64e42eae2366583e7aecd455d1215b0d16f2451b"},
  "confex": {:hex, :confex, "3.5.1", "c29ea741715de06afe6294ea2e127ee7a54382f2b33656b9ed7eedf3e7b6fcaf", [:mix], [], "hexpm", "c72824a267edc96c09a35f6556f48c139d00393dd1b726b18faeb8efee62c0b0"},
  "connection": {:hex, :connection, "1.1.0", "ff2a49c4b75b6fb3e674bfc5536451607270aac754ffd1bdfe175abe4a6d7a68", [:mix], [], "hexpm", "722c1eb0a418fbe91ba7bd59a47e28008a189d47e37e0e7bb85585a016b2869c"},
  "cowboy": {:hex, :cowboy, "2.13.0", "09d770dd5f6a22cc60c071f432cd7cb87776164527f205c5a6b0f24ff6b38990", [:make, :rebar3], [{:cowlib, ">= 2.14.0 and < 3.0.0", [hex: :cowlib, repo: "hexpm", optional: false]}, {:ranch, ">= 1.8.0 and < 3.0.0", [hex: :ranch, repo: "hexpm", optional: false]}], "hexpm", "e724d3a70995025d654c1992c7b11dbfea95205c047d86ff9bf1cda92ddc5614"},
  "cowboy_telemetry": {:hex, :cowboy_telemetry, "0.4.0", "f239f68b588efa7707abce16a84d0d2acf3a0f50571f8bb7f56a15865aae820c", [:rebar3], [{:cowboy, "~> 2.7", [hex: :cowboy, repo: "hexpm", optional: false]}, {:telemetry, "~> 1.0", [hex: :telemetry, repo: "hexpm", optional: false]}], "hexpm", "7d98bac1ee4565d31b62d59f8823dfd8356a169e7fcbb83831b8a5397404c9de"},
  "cowlib": {:hex, :cowlib, "2.15.0", "3c97a318a933962d1c12b96ab7c1d728267d2c523c25a5b57b0f93392b6e9e25", [:make, :rebar3], [], "hexpm", "4f00c879a64b4fe7c8fcb42a4281925e9ffdb928820b03c3ad325a617e857532"},
  "db_connection": {:hex, :db_connection, "2.8.0", "64fd82cfa6d8e25ec6660cea73e92a4cbc6a18b31343910427b702838c4b33b2", [:mix], [{:telemetry, "~> 0.4 or ~> 1.0", [hex: :telemetry, repo: "hexpm", optional: false]}], "hexpm", "008399dae5eee1bf5caa6e86d204dcb44242c82b1ed5e22c881f2c34da201b15"},
  "decimal": {:hex, :decimal, "2.3.0", "3ad6255aa77b4a3c4f818171b12d237500e63525c2fd056699967a3e7ea20f62", [:mix], [], "hexpm", "a4d66355cb29cb47c3cf30e71329e58361cfcb37c34235ef3bf1d7bf3773aeac"},
  "dialyxir": {:hex, :dialyxir, "1.4.5", "ca1571ac18e0f88d4ab245f0b60fa31ff1b12cbae2b11bd25d207f865e8ae78a", [:mix], [{:erlex, ">= 0.2.7", [hex: :erlex, repo: "hexpm", optional: false]}], "hexpm", "b0fb08bb8107c750db5c0b324fa2df5ceaa0f9307690ee3c1f6ba5b9eb5d35c3"},
  "ecto": {:hex, :ecto, "3.13.2", "7d0c0863f3fc8d71d17fc3ad3b9424beae13f02712ad84191a826c7169484f01", [:mix], [{:decimal, "~> 2.0", [hex: :decimal, repo: "hexpm", optional: false]}, {:jason, "~> 1.0", [hex: :jason, repo: "hexpm", optional: true]}, {:telemetry, "~> 0.4 or ~> 1.0", [hex: :telemetry, repo: "hexpm", optional: false]}], "hexpm", "669d9291370513ff56e7b7e7081b7af3283d02e046cf3d403053c557894a0b3e"},
  "ecto_sql": {:hex, :ecto_sql, "3.13.2", "a07d2461d84107b3d037097c822ffdd36ed69d1cf7c0f70e12a3d1decf04e2e1", [:mix], [{:db_connection, "~> 2.4.1 or ~> 2.5", [hex: :db_connection, repo: "hexpm", optional: false]}, {:ecto, "~> 3.13.0", [hex: :ecto, repo: "hexpm", optional: false]}, {:myxql, "~> 0.7", [hex: :myxql, repo: "hexpm", optional: true]}, {:postgrex, "~> 0.19 or ~> 1.0", [hex: :postgrex, repo: "hexpm", optional: true]}, {:tds, "~> 2.1.1 or ~> 2.2", [hex: :tds, repo: "hexpm", optional: true]}, {:telemetry, "~> 0.4.0 or ~> 1.0", [hex: :telemetry, repo: "hexpm", optional: false]}], "hexpm", "539274ab0ecf1a0078a6a72ef3465629e4d6018a3028095dc90f60a19c371717"},
  "ecto_term": {:hex, :ecto_term, "0.0.1", "50bb694ce2192f185f79771574d3ed7d06f619ac70ba9659840f3feadb7b9acc", [:mix], [{:ecto, "~> 3.6", [hex: :ecto, repo: "hexpm", optional: false]}], "hexpm", "dc34215cfddbc9df18a32bdfa85a8a4771c9687661f88eead4d3f7b71c2b1c9f"},
  "enumerati": {:hex, :enumerati, "0.0.8", "382d1c1a2c90888c17de1566876bbbf0266c64d7d469bc23421a559fd5eacdc8", [:mix], [{:decimal, "~> 2.0", [hex: :decimal, repo: "hexpm", optional: false]}], "hexpm", "7d13fa0837446a1cf3db310aaaf351dfcf3533f09073e7ce91b923569a18457c"},
  "erlex": {:hex, :erlex, "0.2.7", "810e8725f96ab74d17aac676e748627a07bc87eb950d2b83acd29dc047a30595", [:mix], [], "hexpm", "3ed95f79d1a844c3f6bf0cea61e0d5612a42ce56da9c03f01df538685365efb0"},
  "ex2ms": {:hex, :ex2ms, "1.7.0", "45b9f523d0b777667ded60070d82d871a37e294f0b6c5b8eca86771f00f82ee1", [:mix], [], "hexpm", "2589eee51f81f1b1caa6d08c990b1ad409215fe6f64c73f73c67d36ed10be827"},
  "ex_binance": {:hex, :ex_binance, "0.0.10", "1da60d4018220c61b4314299c27f2a878d9d6242ec1af1075487951316cd7efe", [:mix], [{:exconstructor, "~> 1.1", [hex: :exconstructor, repo: "hexpm", optional: false]}, {:hackney, "~> 1.17", [hex: :hackney, repo: "hexpm", optional: false]}, {:httpoison, "~> 1.0", [hex: :httpoison, repo: "hexpm", optional: false]}, {:jason, "~> 1.1", [hex: :jason, repo: "hexpm", optional: false]}], "hexpm", "48c1cb2c0da434d10075c42d229f6d9a6382432cd4c18af3f7400d8ad6161820"},
  "ex_bitmex": {:hex, :ex_bitmex, "0.6.1", "0c05c3aaf842973efbcbe676f837861d7cb1b20ebd3b3863669d0feb1ed4b34f", [:mix], [{:httpoison, "~> 1.0", [hex: :httpoison, repo: "hexpm", optional: false]}, {:jason, "~> 1.1", [hex: :jason, repo: "hexpm", optional: false]}, {:mapail, "~> 1.0", [hex: :mapail, repo: "hexpm", optional: false]}, {:websockex, "~> 0.4", [hex: :websockex, repo: "hexpm", optional: false]}], "hexpm", "fbb59f8d436325bb545d043e38b0f9eb4d4ec509c9ff71209c839a8f67e6b00d"},
  "ex_bybit": {:hex, :ex_bybit, "0.0.1", "45c25e647f30be9bd8ccc5c4843342ab6a626ded2b905bc06181f63296f6c8e6", [:mix], [{:httpoison, "~> 1.0", [hex: :httpoison, repo: "hexpm", optional: false]}, {:jason, "~> 1.1", [hex: :jason, repo: "hexpm", optional: false]}, {:mapail, "~> 1.0", [hex: :mapail, repo: "hexpm", optional: false]}, {:websockex, "~> 0.4", [hex: :websockex, repo: "hexpm", optional: false]}], "hexpm", "5f581e8ca4c19d4cdb18070573f602303e25ee8debfa2b732afd0d9c453bc772"},
  "ex_delta_exchange": {:hex, :ex_delta_exchange, "0.0.3", "c5fb423192c3bbf9c68a5db70466fa733c3a7b3e9031aad9a11946d7dfdd6623", [:mix], [{:httpoison, "~> 1.0", [hex: :httpoison, repo: "hexpm", optional: false]}, {:jason, "~> 1.1", [hex: :jason, repo: "hexpm", optional: false]}, {:mapail, "~> 1.0.2", [hex: :mapail, repo: "hexpm", optional: false]}, {:proper_case, "~> 1.0", [hex: :proper_case, repo: "hexpm", optional: false]}, {:timex, "~> 3.5", [hex: :timex, repo: "hexpm", optional: false]}], "hexpm", "65a84a84e48bee1be6d1c99a99703011ae58b396e9e9282d16f4386984bf9df8"},
  "ex_deribit": {:hex, :ex_deribit, "0.0.9", "8fc5b87943d73a36b1365f08852612323dbed0099a4d32cb890bb8e66ab1cfeb", [:mix], [{:httpoison, "~> 1.0", [hex: :httpoison, repo: "hexpm", optional: false]}, {:jason, "~> 1.1", [hex: :jason, repo: "hexpm", optional: false]}, {:mapail, "~> 1.0.2", [hex: :mapail, repo: "hexpm", optional: false]}, {:timex, "~> 3.5", [hex: :timex, repo: "hexpm", optional: false]}], "hexpm", "8be3468191497bf5000923d66bc8832c490126fbb479365e3842f4b56235d3ff"},
  "ex_ftx": {:hex, :ex_ftx, "0.0.14", "6736314b3b4613d03281be52180a4da5fe95fbbce489346c69c976200a7e11b2", [:mix], [{:httpoison, "~> 1.0", [hex: :httpoison, repo: "hexpm", optional: false]}, {:jason, "~> 1.1", [hex: :jason, repo: "hexpm", optional: false]}, {:mapail, "~> 1.0.2", [hex: :mapail, repo: "hexpm", optional: false]}, {:proper_case, "~> 1.0", [hex: :proper_case, repo: "hexpm", optional: false]}, {:timex, "~> 3.5", [hex: :timex, repo: "hexpm", optional: false]}], "hexpm", "5cb106eca7b3d5f378f7b8f89b1be96519308333b61cca0caa0f3fb9e71b1da5"},
  "ex_gdax": {:hex, :ex_gdax, "0.2.0", "72ab24669acb757448d8351def0dab2585d8f190d7d16f19612ee6c19ea6d41f", [:mix], [{:httpoison, "~> 1.0", [hex: :httpoison, repo: "hexpm", optional: false]}, {:poison, "~> 4.0", [hex: :poison, repo: "hexpm", optional: false]}], "hexpm", "41319a31ba23d7240a17fc09ad96d7f50ae86bacf8660adc4399e20030b35a8c"},
  "ex_huobi": {:hex, :ex_huobi, "0.0.2", "0caf50a9b222851e6679d3bb47510c9ceaf7e22fdd21b0a37f28c36f25f2ca61", [:mix], [{:httpoison, "~> 1.0", [hex: :httpoison, repo: "hexpm", optional: false]}, {:jason, "~> 1.1", [hex: :jason, repo: "hexpm", optional: false]}, {:mapail, "~> 1.0", [hex: :mapail, repo: "hexpm", optional: false]}], "hexpm", "3feb1d801edfee6c12b60216e8a003646b00c7d293b54146985bd0d1c2d48286"},
  "ex_okex": {:hex, :ex_okex, "0.6.0", "777615b751150dbea85860aee45db729636673024882cd75aafbde533bc287e4", [:mix], [{:httpoison, "~> 1.0", [hex: :httpoison, repo: "hexpm", optional: false]}, {:jason, "~> 1.1", [hex: :jason, repo: "hexpm", optional: false]}, {:mapail, "~> 1.0", [hex: :mapail, repo: "hexpm", optional: false]}, {:websockex, "~> 0.4.0", [hex: :websockex, repo: "hexpm", optional: false]}], "hexpm", "ca8e7f30872bfea6de4e5ec9944f76e50fea6fabf3c2d74b9c18e0c797f2426d"},
  "ex_tectonicdb": {:hex, :ex_tectonicdb, "0.1.3", "ce3577ba87fcddd1d72de206a486577ab02b24fdf489f939d504958c4f2c5417", [:mix], [{:jason, "~> 1.2", [hex: :jason, repo: "hexpm", optional: false]}], "hexpm", "a9a23b4c2dc3d75ca8593604012dc57ea46ae06c3d1d5948118052cf73013543"},
  "exconstructor": {:hex, :exconstructor, "1.2.13", "7021eed1450202dcbcd1ef021d6aacf7351854ff9d7964f166931567f9dfa9fb", [:mix], [], "hexpm", "69d3f0251a07bb7c5ef85bde22a1eee577dfbb49852d77fb7ad7b937035aeef2"},
  "expo": {:hex, :expo, "1.1.0", "f7b9ed7fb5745ebe1eeedf3d6f29226c5dd52897ac67c0f8af62a07e661e5c75", [:mix], [], "hexpm", "fbadf93f4700fb44c331362177bdca9eeb8097e8b0ef525c9cc501cb9917c960"},
  "file_system": {:hex, :file_system, "1.1.0", "08d232062284546c6c34426997dd7ef6ec9f8bbd090eb91780283c9016840e8f", [:mix], [], "hexpm", "bfcf81244f416871f2a2e15c1b515287faa5db9c6bcf290222206d120b3d43f6"},
  "gettext": {:hex, :gettext, "0.26.2", "5978aa7b21fada6deabf1f6341ddba50bc69c999e812211903b169799208f2a8", [:mix], [{:expo, "~> 0.5.1 or ~> 1.0", [hex: :expo, repo: "hexpm", optional: false]}], "hexpm", "aa978504bcf76511efdc22d580ba08e2279caab1066b76bb9aa81c4a1e0a32a5"},
  "hackney": {:hex, :hackney, "1.20.1", "8d97aec62ddddd757d128bfd1df6c5861093419f8f7a4223823537bad5d064e2", [:rebar3], [{:certifi, "~> 2.12.0", [hex: :certifi, repo: "hexpm", optional: false]}, {:idna, "~> 6.1.0", [hex: :idna, repo: "hexpm", optional: false]}, {:metrics, "~> 1.0.0", [hex: :metrics, repo: "hexpm", optional: false]}, {:mimerl, "~> 1.1", [hex: :mimerl, repo: "hexpm", optional: false]}, {:parse_trans, "3.4.1", [hex: :parse_trans, repo: "hexpm", optional: false]}, {:ssl_verify_fun, "~> 1.1.0", [hex: :ssl_verify_fun, repo: "hexpm", optional: false]}, {:unicode_util_compat, "~> 0.7.0", [hex: :unicode_util_compat, repo: "hexpm", optional: false]}], "hexpm", "fe9094e5f1a2a2c0a7d10918fee36bfec0ec2a979994cff8cfe8058cd9af38e3"},
  "httpoison": {:hex, :httpoison, "1.8.2", "9eb9c63ae289296a544842ef816a85d881d4a31f518a0fec089aaa744beae290", [:mix], [{:hackney, "~> 1.17", [hex: :hackney, repo: "hexpm", optional: false]}], "hexpm", "2bb350d26972e30c96e2ca74a1aaf8293d61d0742ff17f01e0279fef11599921"},
  "idna": {:hex, :idna, "6.1.1", "8a63070e9f7d0c62eb9d9fcb360a7de382448200fbbd1b106cc96d3d8099df8d", [:rebar3], [{:unicode_util_compat, "~> 0.7.0", [hex: :unicode_util_compat, repo: "hexpm", optional: false]}], "hexpm", "92376eb7894412ed19ac475e4a86f7b413c1b9fbb5bd16dccd57934157944cea"},
  "jason": {:hex, :jason, "1.4.4", "b9226785a9aa77b6857ca22832cffa5d5011a667207eb2a0ad56adb5db443b8a", [:mix], [{:decimal, "~> 1.0 or ~> 2.0", [hex: :decimal, repo: "hexpm", optional: true]}], "hexpm", "c5eb0cab91f094599f94d55bc63409236a8ec69a21a67814529e8d5f6cc90b3b"},
  "juice": {:hex, :juice, "0.0.3", "a7cb03a05ecd860eef19864e6a3c1776f0e6611eec589ee812911868a4ea6874", [:mix], [], "hexpm", "c4a8a7bb169031a56ed66e003f1c7454e7748cf446ef249ba57df4971fbd3574"},
  "logger_file_backend": {:hex, :logger_file_backend, "0.0.14", "774bb661f1c3fed51b624d2859180c01e386eb1273dc22de4f4a155ef749a602", [:mix], [], "hexpm", "071354a18196468f3904ef09413af20971d55164267427f6257b52cfba03f9e6"},
  "mapail": {:hex, :mapail, "1.0.2", "45d0bc390b965f21b80c02e8fb2279f9bcc57cf5c78f964ef63113317d6944d1", [:mix], [{:maptu, "~> 1.0.0", [hex: :maptu, repo: "hexpm", optional: false]}], "hexpm", "475fe8ac531a11cd755a83dac0a86a2272dc10eed0c20259019199a2900370af"},
  "maptu": {:hex, :maptu, "1.0.0", "3f1915d3241a733f46a39e935bed369faaf4ff69182b95ea58e9ad1b065c3b11", [:mix], [], "hexpm", "a458f14a748151b3a24615927789b233eb26f06e9b34f1ee428686fee4dc232a"},
  "metrics": {:hex, :metrics, "1.0.1", "25f094dea2cda98213cecc3aeff09e940299d950904393b2a29d191c346a8486", [:rebar3], [], "hexpm", "69b09adddc4f74a40716ae54d140f93beb0fb8978d8636eaded0c31b6f099f16"},
  "mime": {:hex, :mime, "2.0.7", "b8d739037be7cd402aee1ba0306edfdef982687ee7e9859bee6198c1e7e2f128", [:mix], [], "hexpm", "6171188e399ee16023ffc5b76ce445eb6d9672e2e241d2df6050f3c771e80ccd"},
  "mimerl": {:hex, :mimerl, "1.3.0", "d0cd9fc04b9061f82490f6581e0128379830e78535e017f7780f37fea7545726", [:rebar3], [], "hexpm", "a1e15a50d1887217de95f0b9b0793e32853f7c258a5cd227650889b38839fe9d"},
  "murmur": {:hex, :murmur, "2.0.0", "ffd64af879014b51c449aec38e2d460547270b88280f052cecda0a0ce4589188", [:mix], [], "hexpm", "2e96baf65a1a8b5af82ee509d6089ddf717af7e8ce0ed80d4c53819ca2fc2ffd"},
  "paged_query": {:hex, :paged_query, "0.0.2", "657c9f48a28caf4e8b214a59271ef3da2db7c62f3242fa43b359a1249d6d7c8d", [:mix], [{:ecto, "~> 3.6", [hex: :ecto, repo: "hexpm", optional: false]}], "hexpm", "b6c5fbee31b5bea881814c7e35c89c85b6cdbbb80ae0b665cccedfb2d58b1bec"},
  "parse_trans": {:hex, :parse_trans, "3.4.1", "6e6aa8167cb44cc8f39441d05193be6e6f4e7c2946cb2759f015f8c56b76e5ff", [:rebar3], [], "hexpm", "620a406ce75dada827b82e453c19cf06776be266f5a67cff34e1ef2cbb60e49a"},
  "phoenix": {:hex, :phoenix, "1.7.21", "14ca4f1071a5f65121217d6b57ac5712d1857e40a0833aff7a691b7870fc9a3b", [:mix], [{:castore, ">= 0.0.0", [hex: :castore, repo: "hexpm", optional: false]}, {:jason, "~> 1.0", [hex: :jason, repo: "hexpm", optional: true]}, {:phoenix_pubsub, "~> 2.1", [hex: :phoenix_pubsub, repo: "hexpm", optional: false]}, {:phoenix_template, "~> 1.0", [hex: :phoenix_template, repo: "hexpm", optional: false]}, {:phoenix_view, "~> 2.0", [hex: :phoenix_view, repo: "hexpm", optional: true]}, {:plug, "~> 1.14", [hex: :plug, repo: "hexpm", optional: false]}, {:plug_cowboy, "~> 2.7", [hex: :plug_cowboy, repo: "hexpm", optional: true]}, {:plug_crypto, "~> 1.2 or ~> 2.0", [hex: :plug_crypto, repo: "hexpm", optional: false]}, {:telemetry, "~> 0.4 or ~> 1.0", [hex: :telemetry, repo: "hexpm", optional: false]}, {:websock_adapter, "~> 0.5.3", [hex: :websock_adapter, repo: "hexpm", optional: false]}], "hexpm", "336dce4f86cba56fed312a7d280bf2282c720abb6074bdb1b61ec8095bdd0bc9"},
  "phoenix_html": {:hex, :phoenix_html, "4.3.0", "d3577a5df4b6954cd7890c84d955c470b5310bb49647f0a114a6eeecc850f7ad", [:mix], [], "hexpm", "3eaa290a78bab0f075f791a46a981bbe769d94bc776869f4f3063a14f30497ad"},
  "phoenix_html_helpers": {:hex, :phoenix_html_helpers, "1.0.1", "7eed85c52eff80a179391036931791ee5d2f713d76a81d0d2c6ebafe1e11e5ec", [:mix], [{:phoenix_html, "~> 4.0", [hex: :phoenix_html, repo: "hexpm", optional: false]}, {:plug, "~> 1.5", [hex: :plug, repo: "hexpm", optional: true]}], "hexpm", "cffd2385d1fa4f78b04432df69ab8da63dc5cf63e07b713a4dcf36a3740e3090"},
  "phoenix_live_dashboard": {:hex, :phoenix_live_dashboard, "0.8.4", "4508e481f791ce62ec6a096e13b061387158cbeefacca68c6c1928e1305e23ed", [:mix], [{:ecto, "~> 3.6.2 or ~> 3.7", [hex: :ecto, repo: "hexpm", optional: true]}, {:ecto_mysql_extras, "~> 0.5", [hex: :ecto_mysql_extras, repo: "hexpm", optional: true]}, {:ecto_psql_extras, "~> 0.7", [hex: :ecto_psql_extras, repo: "hexpm", optional: true]}, {:ecto_sqlite3_extras, "~> 1.1.7 or ~> 1.2.0", [hex: :ecto_sqlite3_extras, repo: "hexpm", optional: true]}, {:mime, "~> 1.6 or ~> 2.0", [hex: :mime, repo: "hexpm", optional: false]}, {:phoenix_live_view, "~> 0.19 or ~> 1.0", [hex: :phoenix_live_view, repo: "hexpm", optional: false]}, {:telemetry_metrics, "~> 0.6 or ~> 1.0", [hex: :telemetry_metrics, repo: "hexpm", optional: false]}], "hexpm", "2984aae96994fbc5c61795a73b8fb58153b41ff934019cfb522343d2d3817d59"},
  "phoenix_live_reload": {:hex, :phoenix_live_reload, "1.6.1", "05df733a09887a005ed0d69a7fc619d376aea2730bf64ce52ac51ce716cc1ef0", [:mix], [{:file_system, "~> 0.2.10 or ~> 1.0", [hex: :file_system, repo: "hexpm", optional: false]}, {:phoenix, "~> 1.4", [hex: :phoenix, repo: "hexpm", optional: false]}], "hexpm", "74273843d5a6e4fef0bbc17599f33e3ec63f08e69215623a0cd91eea4288e5a0"},
  "phoenix_live_view": {:hex, :phoenix_live_view, "0.20.17", "f396bbdaf4ba227b82251eb75ac0afa6b3da5e509bc0d030206374237dfc9450", [:mix], [{:floki, "~> 0.36", [hex: :floki, repo: "hexpm", optional: true]}, {:jason, "~> 1.0", [hex: :jason, repo: "hexpm", optional: true]}, {:phoenix, "~> 1.6.15 or ~> 1.7.0", [hex: :phoenix, repo: "hexpm", optional: false]}, {:phoenix_html, "~> 3.3 or ~> 4.0", [hex: :phoenix_html, repo: "hexpm", optional: false]}, {:phoenix_template, "~> 1.0", [hex: :phoenix_template, repo: "hexpm", optional: false]}, {:phoenix_view, "~> 2.0", [hex: :phoenix_view, repo: "hexpm", optional: true]}, {:plug, "~> 1.15", [hex: :plug, repo: "hexpm", optional: false]}, {:telemetry, "~> 0.4.2 or ~> 1.0", [hex: :telemetry, repo: "hexpm", optional: false]}], "hexpm", "a61d741ffb78c85fdbca0de084da6a48f8ceb5261a79165b5a0b59e5f65ce98b"},
  "phoenix_pubsub": {:hex, :phoenix_pubsub, "2.2.0", "ff3a5616e1bed6804de7773b92cbccfc0b0f473faf1f63d7daf1206c7aeaaa6f", [:mix], [], "hexpm", "adc313a5bf7136039f63cfd9668fde73bba0765e0614cba80c06ac9460ff3e96"},
  "phoenix_template": {:hex, :phoenix_template, "1.0.4", "e2092c132f3b5e5b2d49c96695342eb36d0ed514c5b252a77048d5969330d639", [:mix], [{:phoenix_html, "~> 2.14.2 or ~> 3.0 or ~> 4.0", [hex: :phoenix_html, repo: "hexpm", optional: true]}], "hexpm", "2c0c81f0e5c6753faf5cca2f229c9709919aba34fab866d3bc05060c9c444206"},
  "phoenix_view": {:hex, :phoenix_view, "2.0.4", "b45c9d9cf15b3a1af5fb555c674b525391b6a1fe975f040fb4d913397b31abf4", [:mix], [{:phoenix_html, "~> 2.14.2 or ~> 3.0 or ~> 4.0", [hex: :phoenix_html, repo: "hexpm", optional: true]}, {:phoenix_template, "~> 1.0", [hex: :phoenix_template, repo: "hexpm", optional: false]}], "hexpm", "4e992022ce14f31fe57335db27a28154afcc94e9983266835bb3040243eb620b"},
  "plug": {:hex, :plug, "1.18.1", "5067f26f7745b7e31bc3368bc1a2b818b9779faa959b49c934c17730efc911cf", [:mix], [{:mime, "~> 1.0 or ~> 2.0", [hex: :mime, repo: "hexpm", optional: false]}, {:plug_crypto, "~> 1.1.1 or ~> 1.2 or ~> 2.0", [hex: :plug_crypto, repo: "hexpm", optional: false]}, {:telemetry, "~> 0.4.3 or ~> 1.0", [hex: :telemetry, repo: "hexpm", optional: false]}], "hexpm", "57a57db70df2b422b564437d2d33cf8d33cd16339c1edb190cd11b1a3a546cc2"},
  "plug_cowboy": {:hex, :plug_cowboy, "2.7.4", "729c752d17cf364e2b8da5bdb34fb5804f56251e88bb602aff48ae0bd8673d11", [:mix], [{:cowboy, "~> 2.7", [hex: :cowboy, repo: "hexpm", optional: false]}, {:cowboy_telemetry, "~> 0.3", [hex: :cowboy_telemetry, repo: "hexpm", optional: false]}, {:plug, "~> 1.14", [hex: :plug, repo: "hexpm", optional: false]}], "hexpm", "9b85632bd7012615bae0a5d70084deb1b25d2bcbb32cab82d1e9a1e023168aa3"},
  "plug_crypto": {:hex, :plug_crypto, "2.1.1", "19bda8184399cb24afa10be734f84a16ea0a2bc65054e23a62bb10f06bc89491", [:mix], [], "hexpm", "6470bce6ffe41c8bd497612ffde1a7e4af67f36a15eea5f921af71cf3e11247c"},
  "poison": {:hex, :poison, "4.0.1", "bcb755a16fac91cad79bfe9fc3585bb07b9331e50cfe3420a24bcc2d735709ae", [:mix], [], "hexpm", "ba8836feea4b394bb718a161fc59a288fe0109b5006d6bdf97b6badfcf6f0f25"},
  "polymorphic_embed": {:hex, :polymorphic_embed, "4.1.1", "1a93d0c9184eb5a50c58578d0dfe4b05045d9a86bbcc7cd142114f3c4393c439", [:mix], [{:ecto, "~> 3.11", [hex: :ecto, repo: "hexpm", optional: false]}, {:jason, "~> 1.4", [hex: :jason, repo: "hexpm", optional: false]}, {:phoenix_html, "~> 4.1", [hex: :phoenix_html, repo: "hexpm", optional: true]}, {:phoenix_html_helpers, "~> 1.0", [hex: :phoenix_html_helpers, repo: "hexpm", optional: true]}, {:phoenix_live_view, "~> 0.19", [hex: :phoenix_live_view, repo: "hexpm", optional: true]}], "hexpm", "3f3d2354d2a86a180cf0415273bb21ac134615c005d1b2537e7c6708eee21fcc"},
  "poolboy": {:hex, :poolboy, "1.5.2", "392b007a1693a64540cead79830443abf5762f5d30cf50bc95cb2c1aaafa006b", [:rebar3], [], "hexpm", "dad79704ce5440f3d5a3681c8590b9dc25d1a561e8f5a9c995281012860901e3"},
  "postgrex": {:hex, :postgrex, "0.21.1", "2c5cc830ec11e7a0067dd4d623c049b3ef807e9507a424985b8dcf921224cd88", [:mix], [{:db_connection, "~> 2.1", [hex: :db_connection, repo: "hexpm", optional: false]}, {:decimal, "~> 1.5 or ~> 2.0", [hex: :decimal, repo: "hexpm", optional: false]}, {:jason, "~> 1.0", [hex: :jason, repo: "hexpm", optional: true]}, {:table, "~> 0.1.0", [hex: :table, repo: "hexpm", optional: true]}], "hexpm", "27d8d21c103c3cc68851b533ff99eef353e6a0ff98dc444ea751de43eb48bdac"},
  "proper_case": {:hex, :proper_case, "1.3.1", "5f51cabd2d422a45f374c6061b7379191d585b5154456b371432d0fa7cb1ffda", [:mix], [], "hexpm", "6cc715550cc1895e61608060bbe67aef0d7c9cf55d7ddb013c6d7073036811dd"},
  "ranch": {:hex, :ranch, "2.2.0", "25528f82bc8d7c6152c57666ca99ec716510fe0925cb188172f41ce93117b1b0", [:make, :rebar3], [], "hexpm", "fa0b99a1780c80218a4197a59ea8d3bdae32fbff7e88527d7d8a4787eff4f8e7"},
  "ssl_verify_fun": {:hex, :ssl_verify_fun, "1.1.7", "354c321cf377240c7b8716899e182ce4890c5938111a1296add3ec74cf1715df", [:make, :mix, :rebar3], [], "hexpm", "fe4c190e8f37401d30167c8c405eda19469f34577987c76dde613e838bbc67f8"},
  "stored": {:hex, :stored, "0.0.8", "48f4fbd874a43586f542fb3b3ba0766befca6b24c04ab2464208b52e0ab6d623", [:mix], [], "hexpm", "8f62b6fe2c3413ed630921b19bdcb7d8db5db2b4596dd0842ca0078b37871fbe"},
  "table_rex": {:hex, :table_rex, "3.2.0", "fa14b8a40d0c0a975e4b13671cb68de92768a1e3993bf68e298075dc908eaa6a", [:mix], [], "hexpm", "53dbced231684e1ff10a5c66a16ef50183c92bf16e85f9cc0ab320228ae603a9"},
  "tai": {:git, "https://github.com/yurikoval/tai.git", "9605906b6b0bcb9cd2cef08c52c7f8edb86fa9f1", [branch: "main", sparse: "apps/tai"]},
  "tai_events": {:hex, :tai_events, "0.0.2", "8cd2875e753db7b4db0a850d084879cb534bfc1941a3b9a2997bcd5c4320628a", [:mix], [{:jason, "~> 1.1", [hex: :jason, repo: "hexpm", optional: false]}], "hexpm", "9326f121b99acd39c1b970d993764cf37f5eb15c2d18cf1ba25386204f01d12f"},
  "telemetry": {:hex, :telemetry, "1.3.0", "fedebbae410d715cf8e7062c96a1ef32ec22e764197f70cda73d82778d61e7a2", [:rebar3], [], "hexpm", "7015fc8919dbe63764f4b4b87a95b7c0996bd539e0d499be6ec9d7f3875b79e6"},
  "telemetry_metrics": {:hex, :telemetry_metrics, "1.0.0", "29f5f84991ca98b8eb02fc208b2e6de7c95f8bb2294ef244a176675adc7775df", [:mix], [{:telemetry, "~> 0.4 or ~> 1.0", [hex: :telemetry, repo: "hexpm", optional: false]}], "hexpm", "f23713b3847286a534e005126d4c959ebcca68ae9582118ce436b521d1d47d5d"},
  "timex": {:hex, :timex, "3.7.11", "bb95cb4eb1d06e27346325de506bcc6c30f9c6dea40d1ebe390b262fad1862d1", [:mix], [{:combine, "~> 0.10", [hex: :combine, repo: "hexpm", optional: false]}, {:gettext, "~> 0.20", [hex: :gettext, repo: "hexpm", optional: false]}, {:tzdata, "~> 1.1", [hex: :tzdata, repo: "hexpm", optional: false]}], "hexpm", "8b9024f7efbabaf9bd7aa04f65cf8dcd7c9818ca5737677c7b76acbc6a94d1aa"},
  "tzdata": {:hex, :tzdata, "1.1.2", "45e5f1fcf8729525ec27c65e163be5b3d247ab1702581a94674e008413eef50b", [:mix], [{:hackney, "~> 1.17", [hex: :hackney, repo: "hexpm", optional: false]}], "hexpm", "cec7b286e608371602318c414f344941d5eb0375e14cfdab605cca2fe66cba8b"},
  "unicode_util_compat": {:hex, :unicode_util_compat, "0.7.0", "bc84380c9ab48177092f43ac89e4dfa2c6d62b40b8bd132b1059ecc7232f9a78", [:rebar3], [], "hexpm", "25eee6d67df61960cf6a794239566599b09e17e668d3700247bc498638152521"},
  "vex": {:hex, :vex, "0.9.2", "fe061acc9e0907d983d46b51bf35d58176f0fe6eb7ba3b33c9336401bf42b6d1", [:mix], [], "hexpm", "76e709a9762e98c6b462dfce92e9b5dfbf712839227f2da8add6dd11549b12cb"},
  "websock": {:hex, :websock, "0.5.3", "2f69a6ebe810328555b6fe5c831a851f485e303a7c8ce6c5f675abeb20ebdadc", [:mix], [], "hexpm", "6105453d7fac22c712ad66fab1d45abdf049868f253cf719b625151460b8b453"},
  "websock_adapter": {:hex, :websock_adapter, "0.5.8", "3b97dc94e407e2d1fc666b2fb9acf6be81a1798a2602294aac000260a7c4a47d", [:mix], [{:bandit, ">= 0.6.0", [hex: :bandit, repo: "hexpm", optional: true]}, {:plug, "~> 1.14", [hex: :plug, repo: "hexpm", optional: false]}, {:plug_cowboy, "~> 2.6", [hex: :plug_cowboy, repo: "hexpm", optional: true]}, {:websock, "~> 0.5", [hex: :websock, repo: "hexpm", optional: false]}], "hexpm", "315b9a1865552212b5f35140ad194e67ce31af45bcee443d4ecb96b5fd3f3782"},
  "websockex": {:hex, :websockex, "0.4.3", "92b7905769c79c6480c02daacaca2ddd49de936d912976a4d3c923723b647bf0", [:mix], [], "hexpm", "95f2e7072b85a3a4cc385602d42115b73ce0b74a9121d0d6dbbf557645ac53e4"},
}
